
Microsoft Visual Studio Solution File, Format Version 12.00
# Visual Studio Version 17
VisualStudioVersion = 17.6.33801.468
MinimumVisualStudioVersion = 10.0.40219.1
Project("{FAE04EC0-301F-11D3-BF4B-00C04F79EFBC}") = "MindBox", "MindBox\MindBox.csproj", "{A89DCF0C-B0F1-4C9B-B243-F0BCBCC22A0F}"
EndProject
Project("{FAE04EC0-301F-11D3-BF4B-00C04F79EFBC}") = "MindBox_nUnitTests", "MindBox_nUnitTests\MindBox_nUnitTests.csproj", "{0CB466F4-AB2E-448C-8688-1A5EE9C580E2}"
EndProject
Global
	GlobalSection(SolutionConfigurationPlatforms) = preSolution
		Debug|Any CPU = Debug|Any CPU
		Release|Any CPU = Release|Any CPU
	EndGlobalSection
	GlobalSection(ProjectConfigurationPlatforms) = postSolution
		{A89DCF0C-B0F1-4C9B-B243-F0BCBCC22A0F}.Debug|Any CPU.ActiveCfg = Debug|Any CPU
		{A89DCF0C-B0F1-4C9B-B243-F0BCBCC22A0F}.Debug|Any CPU.Build.0 = Debug|Any CPU
		{A89DCF0C-B0F1-4C9B-B243-F0BCBCC22A0F}.Release|Any CPU.ActiveCfg = Release|Any CPU
		{A89DCF0C-B0F1-4C9B-B243-F0BCBCC22A0F}.Release|Any CPU.Build.0 = Release|Any CPU
		{0CB466F4-AB2E-448C-8688-1A5EE9C580E2}.Debug|Any CPU.ActiveCfg = Debug|Any CPU
		{0CB466F4-AB2E-448C-8688-1A5EE9C580E2}.Debug|Any CPU.Build.0 = Debug|Any CPU
		{0CB466F4-AB2E-448C-8688-1A5EE9C580E2}.Release|Any CPU.ActiveCfg = Release|Any CPU
		{0CB466F4-AB2E-448C-8688-1A5EE9C580E2}.Release|Any CPU.Build.0 = Release|Any CPU
	EndGlobalSection
	GlobalSection(SolutionProperties) = preSolution
		HideSolutionNode = FALSE
	EndGlobalSection
	GlobalSection(ExtensibilityGlobals) = postSolution
		SolutionGuid = {14F651E3-497E-4E29-943F-3BD6EC7C955A}
	EndGlobalSection
EndGlobal
